// !$*UTF8*$!
{
	archiveVersion = 1;
	classes = {
	};
	objectVersion = 46;
	objects = {

/* Begin PBXBuildFile section */
		C722746E1953BDA40003411D /* Foundation.framework in Frameworks */ = {isa = PBXBuildFile; fileRef = C722746D1953BDA40003411D /* Foundation.framework */; };
		C72274701953BDA40003411D /* CoreGraphics.framework in Frameworks */ = {isa = PBXBuildFile; fileRef = C722746F1953BDA40003411D /* CoreGraphics.framework */; };
		C72274721953BDA40003411D /* UIKit.framework in Frameworks */ = {isa = PBXBuildFile; fileRef = C72274711953BDA40003411D /* UIKit.framework */; };
		C72274781953BDA40003411D /* InfoPlist.strings in Resources */ = {isa = PBXBuildFile; fileRef = C72274761953BDA40003411D /* InfoPlist.strings */; };
		C722747A1953BDA40003411D /* main.m in Sources */ = {isa = PBXBuildFile; fileRef = C72274791953BDA40003411D /* main.m */; };
		C722747E1953BDA40003411D /* OWAppDelegate.m in Sources */ = {isa = PBXBuildFile; fileRef = C722747D1953BDA40003411D /* OWAppDelegate.m */; };
		C72274811953BDA40003411D /* Main.storyboard in Resources */ = {isa = PBXBuildFile; fileRef = C722747F1953BDA40003411D /* Main.storyboard */; };
		C72274861953BDA40003411D /* Images.xcassets in Resources */ = {isa = PBXBuildFile; fileRef = C72274851953BDA40003411D /* Images.xcassets */; };
		C722748D1953BDA40003411D /* XCTest.framework in Frameworks */ = {isa = PBXBuildFile; fileRef = C722748C1953BDA40003411D /* XCTest.framework */; };
		C722748E1953BDA40003411D /* Foundation.framework in Frameworks */ = {isa = PBXBuildFile; fileRef = C722746D1953BDA40003411D /* Foundation.framework */; };
		C722748F1953BDA40003411D /* UIKit.framework in Frameworks */ = {isa = PBXBuildFile; fileRef = C72274711953BDA40003411D /* UIKit.framework */; };
		C72274971953BDA40003411D /* InfoPlist.strings in Resources */ = {isa = PBXBuildFile; fileRef = C72274951953BDA40003411D /* InfoPlist.strings */; };
		C72274991953BDA40003411D /* Out_of_this_WorldTests.m in Sources */ = {isa = PBXBuildFile; fileRef = C72274981953BDA40003411D /* Out_of_this_WorldTests.m */; };
		C72274A41953BE610003411D /* OWOuterSpaceTableViewController.m in Sources */ = {isa = PBXBuildFile; fileRef = C72274A31953BE610003411D /* OWOuterSpaceTableViewController.m */; };
/* End PBXBuildFile section */

/* Begin PBXContainerItemProxy section */
		C72274901953BDA40003411D /* PBXContainerItemProxy */ = {
			isa = PBXContainerItemProxy;
			containerPortal = C72274621953BDA40003411D /* Project object */;
			proxyType = 1;
			remoteGlobalIDString = C72274691953BDA40003411D;
			remoteInfo = "Out of this World";
		};
/* End PBXContainerItemProxy section */

/* Begin PBXFileReference section */
		C722746A1953BDA40003411D /* Out of this World.app */ = {isa = PBXFileReference; explicitFileType = wrapper.application; includeInIndex = 0; path = "Out of this World.app"; sourceTree = BUILT_PRODUCTS_DIR; };
		C722746D1953BDA40003411D /* Foundation.framework */ = {isa = PBXFileReference; lastKnownFileType = wrapper.framework; name = Foundation.framework; path = System/Library/Frameworks/Foundation.framework; sourceTree = SDKROOT; };
		C722746F1953BDA40003411D /* CoreGraphics.framework */ = {isa = PBXFileReference; lastKnownFileType = wrapper.framework; name = CoreGraphics.framework; path = System/Library/Frameworks/CoreGraphics.framework; sourceTree = SDKROOT; };
		C72274711953BDA40003411D /* UIKit.framework */ = {isa = PBXFileReference; lastKnownFileType = wrapper.framework; name = UIKit.framework; path = System/Library/Frameworks/UIKit.framework; sourceTree = SDKROOT; };
		C72274751953BDA40003411D /* Out of this World-Info.plist */ = {isa = PBXFileReference; lastKnownFileType = text.plist.xml; path = "Out of this World-Info.plist"; sourceTree = "<group>"; };
		C72274771953BDA40003411D /* en */ = {isa = PBXFileReference; lastKnownFileType = text.plist.strings; name = en; path = en.lproj/InfoPlist.strings; sourceTree = "<group>"; };
		C72274791953BDA40003411D /* main.m */ = {isa = PBXFileReference; lastKnownFileType = sourcecode.c.objc; path = main.m; sourceTree = "<group>"; };
		C722747B1953BDA40003411D /* Out of this World-Prefix.pch */ = {isa = PBXFileReference; lastKnownFileType = sourcecode.c.h; path = "Out of this World-Prefix.pch"; sourceTree = "<group>"; };
		C722747C1953BDA40003411D /* OWAppDelegate.h */ = {isa = PBXFileReference; lastKnownFileType = sourcecode.c.h; path = OWAppDelegate.h; sourceTree = "<group>"; };
		C722747D1953BDA40003411D /* OWAppDelegate.m */ = {isa = PBXFileReference; lastKnownFileType = sourcecode.c.objc; path = OWAppDelegate.m; sourceTree = "<group>"; };
		C72274801953BDA40003411D /* Base */ = {isa = PBXFileReference; lastKnownFileType = file.storyboard; name = Base; path = Base.lproj/Main.storyboard; sourceTree = "<group>"; };
		C72274851953BDA40003411D /* Images.xcassets */ = {isa = PBXFileReference; lastKnownFileType = folder.assetcatalog; path = Images.xcassets; sourceTree = "<group>"; };
		C722748B1953BDA40003411D /* Out of this WorldTests.xctest */ = {isa = PBXFileReference; explicitFileType = wrapper.cfbundle; includeInIndex = 0; path = "Out of this WorldTests.xctest"; sourceTree = BUILT_PRODUCTS_DIR; };
		C722748C1953BDA40003411D /* XCTest.framework */ = {isa = PBXFileReference; lastKnownFileType = wrapper.framework; name = XCTest.framework; path = Library/Frameworks/XCTest.framework; sourceTree = DEVELOPER_DIR; };
		C72274941953BDA40003411D /* Out of this WorldTests-Info.plist */ = {isa = PBXFileReference; lastKnownFileType = text.plist.xml; path = "Out of this WorldTests-Info.plist"; sourceTree = "<group>"; };
		C72274961953BDA40003411D /* en */ = {isa = PBXFileReference; lastKnownFileType = text.plist.strings; name = en; path = en.lproj/InfoPlist.strings; sourceTree = "<group>"; };
		C72274981953BDA40003411D /* Out_of_this_WorldTests.m */ = {isa = PBXFileReference; lastKnownFileType = sourcecode.c.objc; path = Out_of_this_WorldTests.m; sourceTree = "<group>"; };
		C72274A21953BE610003411D /* OWOuterSpaceTableViewController.h */ = {isa = PBXFileReference; fileEncoding = 4; lastKnownFileType = sourcecode.c.h; name = OWOuterSpaceTableViewController.h; path = ../OWOuterSpaceTableViewController.h; sourceTree = "<group>"; };
		C72274A31953BE610003411D /* OWOuterSpaceTableViewController.m */ = {isa = PBXFileReference; fileEncoding = 4; lastKnownFileType = sourcecode.c.objc; name = OWOuterSpaceTableViewController.m; path = ../OWOuterSpaceTableViewController.m; sourceTree = "<group>"; };
/* End PBXFileReference section */

/* Begin PBXFrameworksBuildPhase section */
		C72274671953BDA40003411D /* Frameworks */ = {
			isa = PBXFrameworksBuildPhase;
			buildActionMask = 2147483647;
			files = (
				C72274701953BDA40003411D /* CoreGraphics.framework in Frameworks */,
				C72274721953BDA40003411D /* UIKit.framework in Frameworks */,
				C722746E1953BDA40003411D /* Foundation.framework in Frameworks */,
			);
			runOnlyForDeploymentPostprocessing = 0;
		};
		C72274881953BDA40003411D /* Frameworks */ = {
			isa = PBXFrameworksBuildPhase;
			buildActionMask = 2147483647;
			files = (
				C722748D1953BDA40003411D /* XCTest.framework in Frameworks */,
				C722748F1953BDA40003411D /* UIKit.framework in Frameworks */,
				C722748E1953BDA40003411D /* Foundation.framework in Frameworks */,
			);
			runOnlyForDeploymentPostprocessing = 0;
		};
/* End PBXFrameworksBuildPhase section */

/* Begin PBXGroup section */
		C72274611953BDA40003411D = {
			isa = PBXGroup;
			children = (
				C72274731953BDA40003411D /* Out of this World */,
				C72274921953BDA40003411D /* Out of this WorldTests */,
				C722746C1953BDA40003411D /* Frameworks */,
				C722746B1953BDA40003411D /* Products */,
			);
			sourceTree = "<group>";
		};
		C722746B1953BDA40003411D /* Products */ = {
			isa = PBXGroup;
			children = (
				C722746A1953BDA40003411D /* Out of this World.app */,
				C722748B1953BDA40003411D /* Out of this WorldTests.xctest */,
			);
			name = Products;
			sourceTree = "<group>";
		};
		C722746C1953BDA40003411D /* Frameworks */ = {
			isa = PBXGroup;
			children = (
				C722746D1953BDA40003411D /* Foundation.framework */,
				C722746F1953BDA40003411D /* CoreGraphics.framework */,
				C72274711953BDA40003411D /* UIKit.framework */,
				C722748C1953BDA40003411D /* XCTest.framework */,
			);
			name = Frameworks;
			sourceTree = "<group>";
		};
		C72274731953BDA40003411D /* Out of this World */ = {
			isa = PBXGroup;
			children = (
				C722747C1953BDA40003411D /* OWAppDelegate.h */,
				C722747D1953BDA40003411D /* OWAppDelegate.m */,
				C722747F1953BDA40003411D /* Main.storyboard */,
				C72274A21953BE610003411D /* OWOuterSpaceTableViewController.h */,
				C72274A31953BE610003411D /* OWOuterSpaceTableViewController.m */,
				C72274851953BDA40003411D /* Images.xcassets */,
				C72274741953BDA40003411D /* Supporting Files */,
			);
			path = "Out of this World";
			sourceTree = "<group>";
		};
		C72274741953BDA40003411D /* Supporting Files */ = {
			isa = PBXGroup;
			children = (
				C72274751953BDA40003411D /* Out of this World-Info.plist */,
				C72274761953BDA40003411D /* InfoPlist.strings */,
				C72274791953BDA40003411D /* main.m */,
				C722747B1953BDA40003411D /* Out of this World-Prefix.pch */,
			);
			name = "Supporting Files";
			sourceTree = "<group>";
		};
		C72274921953BDA40003411D /* Out of this WorldTests */ = {
			isa = PBXGroup;
			children = (
				C72274981953BDA40003411D /* Out_of_this_WorldTests.m */,
				C72274931953BDA40003411D /* Supporting Files */,
			);
			path = "Out of this WorldTests";
			sourceTree = "<group>";
		};
		C72274931953BDA40003411D /* Supporting Files */ = {
			isa = PBXGroup;
			children = (
				C72274941953BDA40003411D /* Out of this WorldTests-Info.plist */,
				C72274951953BDA40003411D /* InfoPlist.strings */,
			);
			name = "Supporting Files";
			sourceTree = "<group>";
		};
/* End PBXGroup section */

/* Begin PBXNativeTarget section */
		C72274691953BDA40003411D /* Out of this World */ = {
			isa = PBXNativeTarget;
			buildConfigurationList = C722749C1953BDA40003411D /* Build configuration list for PBXNativeTarget "Out of this World" */;
			buildPhases = (
				C72274661953BDA40003411D /* Sources */,
				C72274671953BDA40003411D /* Frameworks */,
				C72274681953BDA40003411D /* Resources */,
			);
			buildRules = (
			);
			dependencies = (
			);
			name = "Out of this World";
			productName = "Out of this World";
			productReference = C722746A1953BDA40003411D /* Out of this World.app */;
			productType = "com.apple.product-type.application";
		};
		C722748A1953BDA40003411D /* Out of this WorldTests */ = {
			isa = PBXNativeTarget;
			buildConfigurationList = C722749F1953BDA40003411D /* Build configuration list for PBXNativeTarget "Out of this WorldTests" */;
			buildPhases = (
				C72274871953BDA40003411D /* Sources */,
				C72274881953BDA40003411D /* Frameworks */,
				C72274891953BDA40003411D /* Resources */,
			);
			buildRules = (
			);
			dependencies = (
				C72274911953BDA40003411D /* PBXTargetDependency */,
			);
			name = "Out of this WorldTests";
			productName = "Out of this WorldTests";
			productReference = C722748B1953BDA40003411D /* Out of this WorldTests.xctest */;
			productType = "com.apple.product-type.bundle.unit-test";
		};
/* End PBXNativeTarget section */

/* Begin PBXProject section */
		C72274621953BDA40003411D /* Project object */ = {
			isa = PBXProject;
			attributes = {
				CLASSPREFIX = OW;
				LastUpgradeCheck = 0510;
				ORGANIZATIONNAME = "Tony Angelo";
				TargetAttributes = {
					C722748A1953BDA40003411D = {
						TestTargetID = C72274691953BDA40003411D;
					};
				};
			};
			buildConfigurationList = C72274651953BDA40003411D /* Build configuration list for PBXProject "Out of this World" */;
			compatibilityVersion = "Xcode 3.2";
			developmentRegion = English;
			hasScannedForEncodings = 0;
			knownRegions = (
				en,
				Base,
			);
			mainGroup = C72274611953BDA40003411D;
			productRefGroup = C722746B1953BDA40003411D /* Products */;
			projectDirPath = "";
			projectRoot = "";
			targets = (
				C72274691953BDA40003411D /* Out of this World */,
				C722748A1953BDA40003411D /* Out of this WorldTests */,
			);
		};
/* End PBXProject section */

/* Begin PBXResourcesBuildPhase section */
		C72274681953BDA40003411D /* Resources */ = {
			isa = PBXResourcesBuildPhase;
			buildActionMask = 2147483647;
			files = (
				C72274861953BDA40003411D /* Images.xcassets in Resources */,
				C72274781953BDA40003411D /* InfoPlist.strings in Resources */,
				C72274811953BDA40003411D /* Main.storyboard in Resources */,
			);
			runOnlyForDeploymentPostprocessing = 0;
		};
		C72274891953BDA40003411D /* Resources */ = {
			isa = PBXResourcesBuildPhase;
			buildActionMask = 2147483647;
			files = (
				C72274971953BDA40003411D /* InfoPlist.strings in Resources */,
			);
			runOnlyForDeploymentPostprocessing = 0;
		};
/* End PBXResourcesBuildPhase section */

/* Begin PBXSourcesBuildPhase section */
		C72274661953BDA40003411D /* Sources */ = {
			isa = PBXSourcesBuildPhase;
			buildActionMask = 2147483647;
			files = (
				C72274A41953BE610003411D /* OWOuterSpaceTableViewController.m in Sources */,
				C722747E1953BDA40003411D /* OWAppDelegate.m in Sources */,
				C722747A1953BDA40003411D /* main.m in Sources */,
			);
			runOnlyForDeploymentPostprocessing = 0;
		};
		C72274871953BDA40003411D /* Sources */ = {
			isa = PBXSourcesBuildPhase;
			buildActionMask = 2147483647;
			files = (
				C72274991953BDA40003411D /* Out_of_this_WorldTests.m in Sources */,
			);
			runOnlyForDeploymentPostprocessing = 0;
		};
/* End PBXSourcesBuildPhase section */

/* Begin PBXTargetDependency section */
		C72274911953BDA40003411D /* PBXTargetDependency */ = {
			isa = PBXTargetDependency;
			target = C72274691953BDA40003411D /* Out of this World */;
			targetProxy = C72274901953BDA40003411D /* PBXContainerItemProxy */;
		};
/* End PBXTargetDependency section */

/* Begin PBXVariantGroup section */
		C72274761953BDA40003411D /* InfoPlist.strings */ = {
			isa = PBXVariantGroup;
			children = (
				C72274771953BDA40003411D /* en */,
			);
			name = InfoPlist.strings;
			sourceTree = "<group>";
		};
		C722747F1953BDA40003411D /* Main.storyboard */ = {
			isa = PBXVariantGroup;
			children = (
				C72274801953BDA40003411D /* Base */,
			);
			name = Main.storyboard;
			sourceTree = "<group>";
		};
		C72274951953BDA40003411D /* InfoPlist.strings */ = {
			isa = PBXVariantGroup;
			children = (
				C72274961953BDA40003411D /* en */,
			);
			name = InfoPlist.strings;
			sourceTree = "<group>";
		};
/* End PBXVariantGroup section */

/* Begin XCBuildConfiguration section */
		C722749A1953BDA40003411D /* Debug */ = {
			isa = XCBuildConfiguration;
			buildSettings = {
				ALWAYS_SEARCH_USER_PATHS = NO;
				CLANG_CXX_LANGUAGE_STANDARD = "gnu++0x";
				CLANG_CXX_LIBRARY = "libc++";
				CLANG_ENABLE_MODULES = YES;
				CLANG_ENABLE_OBJC_ARC = YES;
				CLANG_WARN_BOOL_CONVERSION = YES;
				CLANG_WARN_CONSTANT_CONVERSION = YES;
				CLANG_WARN_DIRECT_OBJC_ISA_USAGE = YES_ERROR;
				CLANG_WARN_EMPTY_BODY = YES;
				CLANG_WARN_ENUM_CONVERSION = YES;
				CLANG_WARN_INT_CONVERSION = YES;
				CLANG_WARN_OBJC_ROOT_CLASS = YES_ERROR;
				CLANG_WARN__DUPLICATE_METHOD_MATCH = YES;
				"CODE_SIGN_IDENTITY[sdk=iphoneos*]" = "iPhone Developer";
				COPY_PHASE_STRIP = NO;
				GCC_C_LANGUAGE_STANDARD = gnu99;
				GCC_DYNAMIC_NO_PIC = NO;
				GCC_OPTIMIZATION_LEVEL = 0;
				GCC_PREPROCESSOR_DEFINITIONS = (
					"DEBUG=1",
					"$(inherited)",
				);
				GCC_SYMBOLS_PRIVATE_EXTERN = NO;
				GCC_WARN_64_TO_32_BIT_CONVERSION = YES;
				GCC_WARN_ABOUT_RETURN_TYPE = YES_ERROR;
				GCC_WARN_UNDECLARED_SELECTOR = YES;
				GCC_WARN_UNINITIALIZED_AUTOS = YES_AGGRESSIVE;
				GCC_WARN_UNUSED_FUNCTION = YES;
				GCC_WARN_UNUSED_VARIABLE = YES;
				IPHONEOS_DEPLOYMENT_TARGET = 7.1;
				ONLY_ACTIVE_ARCH = YES;
				SDKROOT = iphoneos;
			};
			name = Debug;
		};
		C722749B1953BDA40003411D /* Release */ = {
			isa = XCBuildConfiguration;
			buildSettings = {
				ALWAYS_SEARCH_USER_PATHS = NO;
				CLANG_CXX_LANGUAGE_STANDARD = "gnu++0x";
				CLANG_CXX_LIBRARY = "libc++";
				CLANG_ENABLE_MODULES = YES;
				CLANG_ENABLE_OBJC_ARC = YES;
				CLANG_WARN_BOOL_CONVERSION = YES;
				CLANG_WARN_CONSTANT_CONVERSION = YES;
				CLANG_WARN_DIRECT_OBJC_ISA_USAGE = YES_ERROR;
				CLANG_WARN_EMPTY_BODY = YES;
				CLANG_WARN_ENUM_CONVERSION = YES;
				CLANG_WARN_INT_CONVERSION = YES;
				CLANG_WARN_OBJC_ROOT_CLASS = YES_ERROR;
				CLANG_WARN__DUPLICATE_METHOD_MATCH = YES;
				"CODE_SIGN_IDENTITY[sdk=iphoneos*]" = "iPhone Developer";
				COPY_PHASE_STRIP = YES;
				ENABLE_NS_ASSERTIONS = NO;
				GCC_C_LANGUAGE_STANDARD = gnu99;
				GCC_WARN_64_TO_32_BIT_CONVERSION = YES;
				GCC_WARN_ABOUT_RETURN_TYPE = YES_ERROR;
				GCC_WARN_UNDECLARED_SELECTOR = YES;
				GCC_WARN_UNINITIALIZED_AUTOS = YES_AGGRESSIVE;
				GCC_WARN_UNUSED_FUNCTION = YES;
				GCC_WARN_UNUSED_VARIABLE = YES;
				IPHONEOS_DEPLOYMENT_TARGET = 7.1;
				SDKROOT = iphoneos;
				VALIDATE_PRODUCT = YES;
			};
			name = Release;
		};
		C722749D1953BDA40003411D /* Debug */ = {
			isa = XCBuildConfiguration;
			buildSettings = {
				ASSETCATALOG_COMPILER_APPICON_NAME = AppIcon;
				ASSETCATALOG_COMPILER_LAUNCHIMAGE_NAME = LaunchImage;
				GCC_PRECOMPILE_PREFIX_HEADER = YES;
				GCC_PREFIX_HEADER = "Out of this World/Out of this World-Prefix.pch";
				INFOPLIST_FILE = "Out of this World/Out of this World-Info.plist";
				PRODUCT_NAME = "$(TARGET_NAME)";
				WRAPPER_EXTENSION = app;
			};
			name = Debug;
		};
		C722749E1953BDA40003411D /* Release */ = {
			isa = XCBuildConfiguration;
			buildSettings = {
				ASSETCATALOG_COMPILER_APPICON_NAME = AppIcon;
				ASSETCATALOG_COMPILER_LAUNCHIMAGE_NAME = LaunchImage;
				GCC_PRECOMPILE_PREFIX_HEADER = YES;
				GCC_PREFIX_HEADER = "Out of this World/Out of this World-Prefix.pch";
				INFOPLIST_FILE = "Out of this World/Out of this World-Info.plist";
				PRODUCT_NAME = "$(TARGET_NAME)";
				WRAPPER_EXTENSION = app;
			};
			name = Release;
		};
		C72274A01953BDA40003411D /* Debug */ = {
			isa = XCBuildConfiguration;
			buildSettings = {
				BUNDLE_LOADER = "$(BUILT_PRODUCTS_DIR)/Out of this World.app/Out of this World";
				FRAMEWORK_SEARCH_PATHS = (
					"$(SDKROOT)/Developer/Library/Frameworks",
					"$(inherited)",
					"$(DEVELOPER_FRAMEWORKS_DIR)",
				);
				GCC_PRECOMPILE_PREFIX_HEADER = YES;
				GCC_PREFIX_HEADER = "Out of this World/Out of this World-Prefix.pch";
				GCC_PREPROCESSOR_DEFINITIONS = (
					"DEBUG=1",
					"$(inherited)",
				);
				INFOPLIST_FILE = "Out of this WorldTests/Out of this WorldTests-Info.plist";
				PRODUCT_NAME = "$(TARGET_NAME)";
				TEST_HOST = "$(BUNDLE_LOADER)";
				WRAPPER_EXTENSION = xctest;
			};
			name = Debug;
		};
		C72274A11953BDA40003411D /* Release */ = {
			isa = XCBuildConfiguration;
			buildSettings = {
				BUNDLE_LOADER = "$(BUILT_PRODUCTS_DIR)/Out of this World.app/Out of this World";
				FRAMEWORK_SEARCH_PATHS = (
					"$(SDKROOT)/Developer/Library/Frameworks",
					"$(inherited)",
					"$(DEVELOPER_FRAMEWORKS_DIR)",
				);
				GCC_PRECOMPILE_PREFIX_HEADER = YES;
				GCC_PREFIX_HEADER = "Out of this World/Out of this World-Prefix.pch";
				INFOPLIST_FILE = "Out of this WorldTests/Out of this WorldTests-Info.plist";
				PRODUCT_NAME = "$(TARGET_NAME)";
				TEST_HOST = "$(BUNDLE_LOADER)";
				WRAPPER_EXTENSION = xctest;
			};
			name = Release;
		};
/* End XCBuildConfiguration section */

/* Begin XCConfigurationList section */
		C72274651953BDA40003411D /* Build configuration list for PBXProject "Out of this World" */ = {
			isa = XCConfigurationList;
			buildConfigurations = (
				C722749A1953BDA40003411D /* Debug */,
				C722749B1953BDA40003411D /* Release */,
			);
			defaultConfigurationIsVisible = 0;
			defaultConfigurationName = Release;
		};
		C722749C1953BDA40003411D /* Build configuration list for PBXNativeTarget "Out of this World" */ = {
			isa = XCConfigurationList;
			buildConfigurations = (
				C722749D1953BDA40003411D /* Debug */,
				C722749E1953BDA40003411D /* Release */,
			);
			defaultConfigurationIsVisible = 0;
		};
		C722749F1953BDA40003411D /* Build configuration list for PBXNativeTarget "Out of this WorldTests" */ = {
			isa = XCConfigurationList;
			buildConfigurations = (
				C72274A01953BDA40003411D /* Debug */,
				C72274A11953BDA40003411D /* Release */,
			);
			defaultConfigurationIsVisible = 0;
		};
/* End XCConfigurationList section */
	};
	rootObject = C72274621953BDA40003411D /* Project object */;
}
